// !$*UTF8*$!
{
	archiveVersion = 1;
	classes = {
	};
	objectVersion = 56;
	objects = {

/* Begin PBXBuildFile section */
		83185A442ACE77C000E44126 /* Partner.swift in Sources */ = {isa = PBXBuildFile; fileRef = 83185A432ACE77C000E44126 /* Partner.swift */; };
		83185A462ACE77CF00E44126 /* Event.swift in Sources */ = {isa = PBXBuildFile; fileRef = 83185A452ACE77CF00E44126 /* Event.swift */; };
		83185A482ACE781900E44126 /* Location.swift in Sources */ = {isa = PBXBuildFile; fileRef = 83185A472ACE781900E44126 /* Location.swift */; };
		83188D282AC8B6CB00EF88D0 /* HeaderView.swift in Sources */ = {isa = PBXBuildFile; fileRef = 83188D272AC8B6CB00EF88D0 /* HeaderView.swift */; };
		83188D2A2AC8BA2A00EF88D0 /* InfoPage.swift in Sources */ = {isa = PBXBuildFile; fileRef = 83188D292AC8BA2A00EF88D0 /* InfoPage.swift */; };
		83188D2C2AC8E7AA00EF88D0 /* FeedbackView.swift in Sources */ = {isa = PBXBuildFile; fileRef = 83188D2B2AC8E7AA00EF88D0 /* FeedbackView.swift */; };
		83188D2E2AC8ED5D00EF88D0 /* CheckBoxView.swift in Sources */ = {isa = PBXBuildFile; fileRef = 83188D2D2AC8ED5D00EF88D0 /* CheckBoxView.swift */; };
		83188D302ACBAA4300EF88D0 /* Network.swift in Sources */ = {isa = PBXBuildFile; fileRef = 83188D2F2ACBAA4300EF88D0 /* Network.swift */; };
		83188D332ACBAEEE00EF88D0 /* Prod.plist in Resources */ = {isa = PBXBuildFile; fileRef = 83188D322ACBAEEE00EF88D0 /* Prod.plist */; };
		8348DAA12ABFECAD00B41B10 /* DetailsView.swift in Sources */ = {isa = PBXBuildFile; fileRef = 8348DAA02ABFECAD00B41B10 /* DetailsView.swift */; };
		8348DAA32ABFF82C00B41B10 /* MapView.swift in Sources */ = {isa = PBXBuildFile; fileRef = 8348DAA22ABFF82C00B41B10 /* MapView.swift */; };
		8348DAA72AC12DD400B41B10 /* Designer.swift in Sources */ = {isa = PBXBuildFile; fileRef = 8348DAA62AC12DD400B41B10 /* Designer.swift */; };
		83B102952AB28CAE00721B6B /* STL_BFWApp.swift in Sources */ = {isa = PBXBuildFile; fileRef = 83B102942AB28CAE00721B6B /* STL_BFWApp.swift */; };
		83B102972AB28CAE00721B6B /* Home.swift in Sources */ = {isa = PBXBuildFile; fileRef = 83B102962AB28CAE00721B6B /* Home.swift */; };
		83B102992AB28CAF00721B6B /* Assets.xcassets in Resources */ = {isa = PBXBuildFile; fileRef = 83B102982AB28CAF00721B6B /* Assets.xcassets */; };
		83B1029D2AB28CAF00721B6B /* Preview Assets.xcassets in Resources */ = {isa = PBXBuildFile; fileRef = 83B1029C2AB28CAF00721B6B /* Preview Assets.xcassets */; };
		83B102A72AB28CB000721B6B /* STL_BFWTests.swift in Sources */ = {isa = PBXBuildFile; fileRef = 83B102A62AB28CB000721B6B /* STL_BFWTests.swift */; };
		83B102B12AB28CB000721B6B /* STL_BFWUITests.swift in Sources */ = {isa = PBXBuildFile; fileRef = 83B102B02AB28CB000721B6B /* STL_BFWUITests.swift */; };
		83B102B32AB28CB000721B6B /* STL_BFWUITestsLaunchTests.swift in Sources */ = {isa = PBXBuildFile; fileRef = 83B102B22AB28CB000721B6B /* STL_BFWUITestsLaunchTests.swift */; };
		83B102C02AB626A300721B6B /* InfoCard.swift in Sources */ = {isa = PBXBuildFile; fileRef = 83B102BF2AB626A300721B6B /* InfoCard.swift */; };
		83B102C42AB9607500721B6B /* InfoCardListView.swift in Sources */ = {isa = PBXBuildFile; fileRef = 83B102C32AB9607500721B6B /* InfoCardListView.swift */; };
		83B102C62AB9643D00721B6B /* View+Reusable.swift in Sources */ = {isa = PBXBuildFile; fileRef = 83B102C52AB9643D00721B6B /* View+Reusable.swift */; };
		83B102C92AB973BF00721B6B /* HorizontalScrollView.swift in Sources */ = {isa = PBXBuildFile; fileRef = 83B102C82AB973BF00721B6B /* HorizontalScrollView.swift */; };
		DB8337552AD78B3E0086FBAA /* DetailsViewModel.swift in Sources */ = {isa = PBXBuildFile; fileRef = DB8337542AD78B3E0086FBAA /* DetailsViewModel.swift */; };
		DB8337572AE0C19C0086FBAA /* SafariView.swift in Sources */ = {isa = PBXBuildFile; fileRef = DB8337562AE0C19C0086FBAA /* SafariView.swift */; };
/* End PBXBuildFile section */

/* Begin PBXContainerItemProxy section */
		83B102A32AB28CB000721B6B /* PBXContainerItemProxy */ = {
			isa = PBXContainerItemProxy;
			containerPortal = 83B102892AB28CAE00721B6B /* Project object */;
			proxyType = 1;
			remoteGlobalIDString = 83B102902AB28CAE00721B6B;
			remoteInfo = "STL BFW";
		};
		83B102AD2AB28CB000721B6B /* PBXContainerItemProxy */ = {
			isa = PBXContainerItemProxy;
			containerPortal = 83B102892AB28CAE00721B6B /* Project object */;
			proxyType = 1;
			remoteGlobalIDString = 83B102902AB28CAE00721B6B;
			remoteInfo = "STL BFW";
		};
/* End PBXContainerItemProxy section */

/* Begin PBXFileReference section */
		83185A432ACE77C000E44126 /* Partner.swift */ = {isa = PBXFileReference; lastKnownFileType = sourcecode.swift; path = Partner.swift; sourceTree = "<group>"; };
		83185A452ACE77CF00E44126 /* Event.swift */ = {isa = PBXFileReference; lastKnownFileType = sourcecode.swift; path = Event.swift; sourceTree = "<group>"; };
		83185A472ACE781900E44126 /* Location.swift */ = {isa = PBXFileReference; lastKnownFileType = sourcecode.swift; path = Location.swift; sourceTree = "<group>"; };
		83188D272AC8B6CB00EF88D0 /* HeaderView.swift */ = {isa = PBXFileReference; lastKnownFileType = sourcecode.swift; path = HeaderView.swift; sourceTree = "<group>"; };
		83188D292AC8BA2A00EF88D0 /* InfoPage.swift */ = {isa = PBXFileReference; lastKnownFileType = sourcecode.swift; path = InfoPage.swift; sourceTree = "<group>"; };
		83188D2B2AC8E7AA00EF88D0 /* FeedbackView.swift */ = {isa = PBXFileReference; lastKnownFileType = sourcecode.swift; path = FeedbackView.swift; sourceTree = "<group>"; };
		83188D2D2AC8ED5D00EF88D0 /* CheckBoxView.swift */ = {isa = PBXFileReference; lastKnownFileType = sourcecode.swift; path = CheckBoxView.swift; sourceTree = "<group>"; };
		83188D2F2ACBAA4300EF88D0 /* Network.swift */ = {isa = PBXFileReference; lastKnownFileType = sourcecode.swift; path = Network.swift; sourceTree = "<group>"; };
		83188D322ACBAEEE00EF88D0 /* Prod.plist */ = {isa = PBXFileReference; lastKnownFileType = text.plist.xml; path = Prod.plist; sourceTree = "<group>"; };
		8348DAA02ABFECAD00B41B10 /* DetailsView.swift */ = {isa = PBXFileReference; lastKnownFileType = sourcecode.swift; path = DetailsView.swift; sourceTree = "<group>"; };
		8348DAA22ABFF82C00B41B10 /* MapView.swift */ = {isa = PBXFileReference; lastKnownFileType = sourcecode.swift; path = MapView.swift; sourceTree = "<group>"; };
		8348DAA62AC12DD400B41B10 /* Designer.swift */ = {isa = PBXFileReference; lastKnownFileType = sourcecode.swift; path = Designer.swift; sourceTree = "<group>"; };
		83B102912AB28CAE00721B6B /* STL BFW.app */ = {isa = PBXFileReference; explicitFileType = wrapper.application; includeInIndex = 0; path = "STL BFW.app"; sourceTree = BUILT_PRODUCTS_DIR; };
		83B102942AB28CAE00721B6B /* STL_BFWApp.swift */ = {isa = PBXFileReference; lastKnownFileType = sourcecode.swift; path = STL_BFWApp.swift; sourceTree = "<group>"; };
		83B102962AB28CAE00721B6B /* Home.swift */ = {isa = PBXFileReference; lastKnownFileType = sourcecode.swift; path = Home.swift; sourceTree = "<group>"; };
		83B102982AB28CAF00721B6B /* Assets.xcassets */ = {isa = PBXFileReference; lastKnownFileType = folder.assetcatalog; path = Assets.xcassets; sourceTree = "<group>"; };
		83B1029A2AB28CAF00721B6B /* STL_BFW.entitlements */ = {isa = PBXFileReference; lastKnownFileType = text.plist.entitlements; path = STL_BFW.entitlements; sourceTree = "<group>"; };
		83B1029C2AB28CAF00721B6B /* Preview Assets.xcassets */ = {isa = PBXFileReference; lastKnownFileType = folder.assetcatalog; path = "Preview Assets.xcassets"; sourceTree = "<group>"; };
		83B102A22AB28CB000721B6B /* STL BFWTests.xctest */ = {isa = PBXFileReference; explicitFileType = wrapper.cfbundle; includeInIndex = 0; path = "STL BFWTests.xctest"; sourceTree = BUILT_PRODUCTS_DIR; };
		83B102A62AB28CB000721B6B /* STL_BFWTests.swift */ = {isa = PBXFileReference; lastKnownFileType = sourcecode.swift; path = STL_BFWTests.swift; sourceTree = "<group>"; };
		83B102AC2AB28CB000721B6B /* STL BFWUITests.xctest */ = {isa = PBXFileReference; explicitFileType = wrapper.cfbundle; includeInIndex = 0; path = "STL BFWUITests.xctest"; sourceTree = BUILT_PRODUCTS_DIR; };
		83B102B02AB28CB000721B6B /* STL_BFWUITests.swift */ = {isa = PBXFileReference; lastKnownFileType = sourcecode.swift; path = STL_BFWUITests.swift; sourceTree = "<group>"; };
		83B102B22AB28CB000721B6B /* STL_BFWUITestsLaunchTests.swift */ = {isa = PBXFileReference; lastKnownFileType = sourcecode.swift; path = STL_BFWUITestsLaunchTests.swift; sourceTree = "<group>"; };
		83B102BF2AB626A300721B6B /* InfoCard.swift */ = {isa = PBXFileReference; lastKnownFileType = sourcecode.swift; path = InfoCard.swift; sourceTree = "<group>"; };
		83B102C32AB9607500721B6B /* InfoCardListView.swift */ = {isa = PBXFileReference; lastKnownFileType = sourcecode.swift; path = InfoCardListView.swift; sourceTree = "<group>"; };
		83B102C52AB9643D00721B6B /* View+Reusable.swift */ = {isa = PBXFileReference; lastKnownFileType = sourcecode.swift; path = "View+Reusable.swift"; sourceTree = "<group>"; };
		83B102C82AB973BF00721B6B /* HorizontalScrollView.swift */ = {isa = PBXFileReference; lastKnownFileType = sourcecode.swift; path = HorizontalScrollView.swift; sourceTree = "<group>"; };
		DB8337542AD78B3E0086FBAA /* DetailsViewModel.swift */ = {isa = PBXFileReference; lastKnownFileType = sourcecode.swift; path = DetailsViewModel.swift; sourceTree = "<group>"; };
		DB8337562AE0C19C0086FBAA /* SafariView.swift */ = {isa = PBXFileReference; lastKnownFileType = sourcecode.swift; path = SafariView.swift; sourceTree = "<group>"; };
/* End PBXFileReference section */

/* Begin PBXFrameworksBuildPhase section */
		83B1028E2AB28CAE00721B6B /* Frameworks */ = {
			isa = PBXFrameworksBuildPhase;
			buildActionMask = 2147483647;
			files = (
			);
			runOnlyForDeploymentPostprocessing = 0;
		};
		83B1029F2AB28CB000721B6B /* Frameworks */ = {
			isa = PBXFrameworksBuildPhase;
			buildActionMask = 2147483647;
			files = (
			);
			runOnlyForDeploymentPostprocessing = 0;
		};
		83B102A92AB28CB000721B6B /* Frameworks */ = {
			isa = PBXFrameworksBuildPhase;
			buildActionMask = 2147483647;
			files = (
			);
			runOnlyForDeploymentPostprocessing = 0;
		};
/* End PBXFrameworksBuildPhase section */

/* Begin PBXGroup section */
		83185A422ACE77AE00E44126 /* Data */ = {
			isa = PBXGroup;
			children = (
				8348DAA62AC12DD400B41B10 /* Designer.swift */,
				83185A432ACE77C000E44126 /* Partner.swift */,
				83185A452ACE77CF00E44126 /* Event.swift */,
				83185A472ACE781900E44126 /* Location.swift */,
			);
			path = Data;
			sourceTree = "<group>";
		};
		83188D312ACBAA5200EF88D0 /* Network */ = {
			isa = PBXGroup;
			children = (
				83185A422ACE77AE00E44126 /* Data */,
				83188D2F2ACBAA4300EF88D0 /* Network.swift */,
			);
			path = Network;
			sourceTree = "<group>";
		};
		83B102882AB28CAE00721B6B = {
			isa = PBXGroup;
			children = (
				83188D322ACBAEEE00EF88D0 /* Prod.plist */,
				83B102932AB28CAE00721B6B /* STL BFW */,
				83B102A52AB28CB000721B6B /* STL BFWTests */,
				83B102AF2AB28CB000721B6B /* STL BFWUITests */,
				83B102922AB28CAE00721B6B /* Products */,
			);
			sourceTree = "<group>";
		};
		83B102922AB28CAE00721B6B /* Products */ = {
			isa = PBXGroup;
			children = (
				83B102912AB28CAE00721B6B /* STL BFW.app */,
				83B102A22AB28CB000721B6B /* STL BFWTests.xctest */,
				83B102AC2AB28CB000721B6B /* STL BFWUITests.xctest */,
			);
			name = Products;
			sourceTree = "<group>";
		};
		83B102932AB28CAE00721B6B /* STL BFW */ = {
			isa = PBXGroup;
			children = (
				83B102942AB28CAE00721B6B /* STL_BFWApp.swift */,
				83B102C12AB9604100721B6B /* Home */,
				83B102C72AB9648C00721B6B /* Reusable */,
				83B102982AB28CAF00721B6B /* Assets.xcassets */,
				83B1029A2AB28CAF00721B6B /* STL_BFW.entitlements */,
				83B1029B2AB28CAF00721B6B /* Preview Content */,
				83188D312ACBAA5200EF88D0 /* Network */,
			);
			path = "STL BFW";
			sourceTree = "<group>";
		};
		83B1029B2AB28CAF00721B6B /* Preview Content */ = {
			isa = PBXGroup;
			children = (
				83B1029C2AB28CAF00721B6B /* Preview Assets.xcassets */,
			);
			path = "Preview Content";
			sourceTree = "<group>";
		};
		83B102A52AB28CB000721B6B /* STL BFWTests */ = {
			isa = PBXGroup;
			children = (
				83B102A62AB28CB000721B6B /* STL_BFWTests.swift */,
			);
			path = "STL BFWTests";
			sourceTree = "<group>";
		};
		83B102AF2AB28CB000721B6B /* STL BFWUITests */ = {
			isa = PBXGroup;
			children = (
				83B102B02AB28CB000721B6B /* STL_BFWUITests.swift */,
				83B102B22AB28CB000721B6B /* STL_BFWUITestsLaunchTests.swift */,
			);
			path = "STL BFWUITests";
			sourceTree = "<group>";
		};
		83B102C12AB9604100721B6B /* Home */ = {
			isa = PBXGroup;
			children = (
				83B102962AB28CAE00721B6B /* Home.swift */,
				83188D292AC8BA2A00EF88D0 /* InfoPage.swift */,
				83188D2B2AC8E7AA00EF88D0 /* FeedbackView.swift */,
			);
			path = Home;
			sourceTree = "<group>";
		};
		83B102C72AB9648C00721B6B /* Reusable */ = {
			isa = PBXGroup;
			children = (
				83D522282AC467F600CA81F5 /* InfoCard */,
				83B102C52AB9643D00721B6B /* View+Reusable.swift */,
				83B102C82AB973BF00721B6B /* HorizontalScrollView.swift */,
				DB8337532AD78B2C0086FBAA /* DetailsView */,
				8348DAA22ABFF82C00B41B10 /* MapView.swift */,
				83188D272AC8B6CB00EF88D0 /* HeaderView.swift */,
				83188D2D2AC8ED5D00EF88D0 /* CheckBoxView.swift */,
				DB8337562AE0C19C0086FBAA /* SafariView.swift */,
			);
			path = Reusable;
			sourceTree = "<group>";
		};
		83D522282AC467F600CA81F5 /* InfoCard */ = {
			isa = PBXGroup;
			children = (
				83B102BF2AB626A300721B6B /* InfoCard.swift */,
				83B102C32AB9607500721B6B /* InfoCardListView.swift */,
			);
			path = InfoCard;
			sourceTree = "<group>";
		};
		DB8337532AD78B2C0086FBAA /* DetailsView */ = {
			isa = PBXGroup;
			children = (
				8348DAA02ABFECAD00B41B10 /* DetailsView.swift */,
				DB8337542AD78B3E0086FBAA /* DetailsViewModel.swift */,
			);
			path = DetailsView;
			sourceTree = "<group>";
		};
/* End PBXGroup section */

/* Begin PBXNativeTarget section */
		83B102902AB28CAE00721B6B /* STL BFW */ = {
			isa = PBXNativeTarget;
			buildConfigurationList = 83B102B62AB28CB000721B6B /* Build configuration list for PBXNativeTarget "STL BFW" */;
			buildPhases = (
				83B1028D2AB28CAE00721B6B /* Sources */,
				83B1028E2AB28CAE00721B6B /* Frameworks */,
				83B1028F2AB28CAE00721B6B /* Resources */,
			);
			buildRules = (
			);
			dependencies = (
			);
			name = "STL BFW";
			productName = "STL BFW";
			productReference = 83B102912AB28CAE00721B6B /* STL BFW.app */;
			productType = "com.apple.product-type.application";
		};
		83B102A12AB28CB000721B6B /* STL BFWTests */ = {
			isa = PBXNativeTarget;
			buildConfigurationList = 83B102B92AB28CB000721B6B /* Build configuration list for PBXNativeTarget "STL BFWTests" */;
			buildPhases = (
				83B1029E2AB28CB000721B6B /* Sources */,
				83B1029F2AB28CB000721B6B /* Frameworks */,
				83B102A02AB28CB000721B6B /* Resources */,
			);
			buildRules = (
			);
			dependencies = (
				83B102A42AB28CB000721B6B /* PBXTargetDependency */,
			);
			name = "STL BFWTests";
			productName = "STL BFWTests";
			productReference = 83B102A22AB28CB000721B6B /* STL BFWTests.xctest */;
			productType = "com.apple.product-type.bundle.unit-test";
		};
		83B102AB2AB28CB000721B6B /* STL BFWUITests */ = {
			isa = PBXNativeTarget;
			buildConfigurationList = 83B102BC2AB28CB000721B6B /* Build configuration list for PBXNativeTarget "STL BFWUITests" */;
			buildPhases = (
				83B102A82AB28CB000721B6B /* Sources */,
				83B102A92AB28CB000721B6B /* Frameworks */,
				83B102AA2AB28CB000721B6B /* Resources */,
			);
			buildRules = (
			);
			dependencies = (
				83B102AE2AB28CB000721B6B /* PBXTargetDependency */,
			);
			name = "STL BFWUITests";
			productName = "STL BFWUITests";
			productReference = 83B102AC2AB28CB000721B6B /* STL BFWUITests.xctest */;
			productType = "com.apple.product-type.bundle.ui-testing";
		};
/* End PBXNativeTarget section */

/* Begin PBXProject section */
		83B102892AB28CAE00721B6B /* Project object */ = {
			isa = PBXProject;
			attributes = {
				BuildIndependentTargetsInParallel = 1;
				LastSwiftUpdateCheck = 1410;
				LastUpgradeCheck = 1500;
				TargetAttributes = {
					83B102902AB28CAE00721B6B = {
						CreatedOnToolsVersion = 14.1;
					};
					83B102A12AB28CB000721B6B = {
						CreatedOnToolsVersion = 14.1;
						TestTargetID = 83B102902AB28CAE00721B6B;
					};
					83B102AB2AB28CB000721B6B = {
						CreatedOnToolsVersion = 14.1;
						TestTargetID = 83B102902AB28CAE00721B6B;
					};
				};
			};
			buildConfigurationList = 83B1028C2AB28CAE00721B6B /* Build configuration list for PBXProject "STL BFW" */;
			compatibilityVersion = "Xcode 14.0";
			developmentRegion = en;
			hasScannedForEncodings = 0;
			knownRegions = (
				en,
				Base,
			);
			mainGroup = 83B102882AB28CAE00721B6B;
			productRefGroup = 83B102922AB28CAE00721B6B /* Products */;
			projectDirPath = "";
			projectRoot = "";
			targets = (
				83B102902AB28CAE00721B6B /* STL BFW */,
				83B102A12AB28CB000721B6B /* STL BFWTests */,
				83B102AB2AB28CB000721B6B /* STL BFWUITests */,
			);
		};
/* End PBXProject section */

/* Begin PBXResourcesBuildPhase section */
		83B1028F2AB28CAE00721B6B /* Resources */ = {
			isa = PBXResourcesBuildPhase;
			buildActionMask = 2147483647;
			files = (
				83B1029D2AB28CAF00721B6B /* Preview Assets.xcassets in Resources */,
				83188D332ACBAEEE00EF88D0 /* Prod.plist in Resources */,
				83B102992AB28CAF00721B6B /* Assets.xcassets in Resources */,
			);
			runOnlyForDeploymentPostprocessing = 0;
		};
		83B102A02AB28CB000721B6B /* Resources */ = {
			isa = PBXResourcesBuildPhase;
			buildActionMask = 2147483647;
			files = (
			);
			runOnlyForDeploymentPostprocessing = 0;
		};
		83B102AA2AB28CB000721B6B /* Resources */ = {
			isa = PBXResourcesBuildPhase;
			buildActionMask = 2147483647;
			files = (
			);
			runOnlyForDeploymentPostprocessing = 0;
		};
/* End PBXResourcesBuildPhase section */

/* Begin PBXSourcesBuildPhase section */
		83B1028D2AB28CAE00721B6B /* Sources */ = {
			isa = PBXSourcesBuildPhase;
			buildActionMask = 2147483647;
			files = (
				83B102C42AB9607500721B6B /* InfoCardListView.swift in Sources */,
				8348DAA32ABFF82C00B41B10 /* MapView.swift in Sources */,
				83185A442ACE77C000E44126 /* Partner.swift in Sources */,
				8348DAA12ABFECAD00B41B10 /* DetailsView.swift in Sources */,
				83B102C92AB973BF00721B6B /* HorizontalScrollView.swift in Sources */,
				83185A482ACE781900E44126 /* Location.swift in Sources */,
				83B102C62AB9643D00721B6B /* View+Reusable.swift in Sources */,
				83188D2C2AC8E7AA00EF88D0 /* FeedbackView.swift in Sources */,
				83188D282AC8B6CB00EF88D0 /* HeaderView.swift in Sources */,
				83185A462ACE77CF00E44126 /* Event.swift in Sources */,
				83B102972AB28CAE00721B6B /* Home.swift in Sources */,
				83B102C02AB626A300721B6B /* InfoCard.swift in Sources */,
				DB8337572AE0C19C0086FBAA /* SafariView.swift in Sources */,
				83188D2E2AC8ED5D00EF88D0 /* CheckBoxView.swift in Sources */,
				83188D2A2AC8BA2A00EF88D0 /* InfoPage.swift in Sources */,
				8348DAA72AC12DD400B41B10 /* Designer.swift in Sources */,
				83188D302ACBAA4300EF88D0 /* Network.swift in Sources */,
				83B102952AB28CAE00721B6B /* STL_BFWApp.swift in Sources */,
				DB8337552AD78B3E0086FBAA /* DetailsViewModel.swift in Sources */,
			);
			runOnlyForDeploymentPostprocessing = 0;
		};
		83B1029E2AB28CB000721B6B /* Sources */ = {
			isa = PBXSourcesBuildPhase;
			buildActionMask = 2147483647;
			files = (
				83B102A72AB28CB000721B6B /* STL_BFWTests.swift in Sources */,
			);
			runOnlyForDeploymentPostprocessing = 0;
		};
		83B102A82AB28CB000721B6B /* Sources */ = {
			isa = PBXSourcesBuildPhase;
			buildActionMask = 2147483647;
			files = (
				83B102B32AB28CB000721B6B /* STL_BFWUITestsLaunchTests.swift in Sources */,
				83B102B12AB28CB000721B6B /* STL_BFWUITests.swift in Sources */,
			);
			runOnlyForDeploymentPostprocessing = 0;
		};
/* End PBXSourcesBuildPhase section */

/* Begin PBXTargetDependency section */
		83B102A42AB28CB000721B6B /* PBXTargetDependency */ = {
			isa = PBXTargetDependency;
			target = 83B102902AB28CAE00721B6B /* STL BFW */;
			targetProxy = 83B102A32AB28CB000721B6B /* PBXContainerItemProxy */;
		};
		83B102AE2AB28CB000721B6B /* PBXTargetDependency */ = {
			isa = PBXTargetDependency;
			target = 83B102902AB28CAE00721B6B /* STL BFW */;
			targetProxy = 83B102AD2AB28CB000721B6B /* PBXContainerItemProxy */;
		};
/* End PBXTargetDependency section */

/* Begin XCBuildConfiguration section */
		83B102B42AB28CB000721B6B /* Debug */ = {
			isa = XCBuildConfiguration;
			buildSettings = {
				ALWAYS_SEARCH_USER_PATHS = NO;
				ASSETCATALOG_COMPILER_GENERATE_SWIFT_ASSET_SYMBOL_EXTENSIONS = YES;
				CLANG_ANALYZER_NONNULL = YES;
				CLANG_ANALYZER_NUMBER_OBJECT_CONVERSION = YES_AGGRESSIVE;
				CLANG_CXX_LANGUAGE_STANDARD = "gnu++20";
				CLANG_ENABLE_MODULES = YES;
				CLANG_ENABLE_OBJC_ARC = YES;
				CLANG_ENABLE_OBJC_WEAK = YES;
				CLANG_WARN_BLOCK_CAPTURE_AUTORELEASING = YES;
				CLANG_WARN_BOOL_CONVERSION = YES;
				CLANG_WARN_COMMA = YES;
				CLANG_WARN_CONSTANT_CONVERSION = YES;
				CLANG_WARN_DEPRECATED_OBJC_IMPLEMENTATIONS = YES;
				CLANG_WARN_DIRECT_OBJC_ISA_USAGE = YES_ERROR;
				CLANG_WARN_DOCUMENTATION_COMMENTS = YES;
				CLANG_WARN_EMPTY_BODY = YES;
				CLANG_WARN_ENUM_CONVERSION = YES;
				CLANG_WARN_INFINITE_RECURSION = YES;
				CLANG_WARN_INT_CONVERSION = YES;
				CLANG_WARN_NON_LITERAL_NULL_CONVERSION = YES;
				CLANG_WARN_OBJC_IMPLICIT_RETAIN_SELF = YES;
				CLANG_WARN_OBJC_LITERAL_CONVERSION = YES;
				CLANG_WARN_OBJC_ROOT_CLASS = YES_ERROR;
				CLANG_WARN_QUOTED_INCLUDE_IN_FRAMEWORK_HEADER = YES;
				CLANG_WARN_RANGE_LOOP_ANALYSIS = YES;
				CLANG_WARN_STRICT_PROTOTYPES = YES;
				CLANG_WARN_SUSPICIOUS_MOVE = YES;
				CLANG_WARN_UNGUARDED_AVAILABILITY = YES_AGGRESSIVE;
				CLANG_WARN_UNREACHABLE_CODE = YES;
				CLANG_WARN__DUPLICATE_METHOD_MATCH = YES;
				COPY_PHASE_STRIP = NO;
				DEAD_CODE_STRIPPING = YES;
				DEBUG_INFORMATION_FORMAT = dwarf;
				ENABLE_STRICT_OBJC_MSGSEND = YES;
				ENABLE_TESTABILITY = YES;
				ENABLE_USER_SCRIPT_SANDBOXING = YES;
				GCC_C_LANGUAGE_STANDARD = gnu11;
				GCC_DYNAMIC_NO_PIC = NO;
				GCC_NO_COMMON_BLOCKS = YES;
				GCC_OPTIMIZATION_LEVEL = 0;
				GCC_PREPROCESSOR_DEFINITIONS = (
					"DEBUG=1",
					"$(inherited)",
				);
				GCC_WARN_64_TO_32_BIT_CONVERSION = YES;
				GCC_WARN_ABOUT_RETURN_TYPE = YES_ERROR;
				GCC_WARN_UNDECLARED_SELECTOR = YES;
				GCC_WARN_UNINITIALIZED_AUTOS = YES_AGGRESSIVE;
				GCC_WARN_UNUSED_FUNCTION = YES;
				GCC_WARN_UNUSED_VARIABLE = YES;
				IPHONEOS_DEPLOYMENT_TARGET = 16.0;
				MTL_ENABLE_DEBUG_INFO = INCLUDE_SOURCE;
				MTL_FAST_MATH = YES;
				ONLY_ACTIVE_ARCH = YES;
				SWIFT_ACTIVE_COMPILATION_CONDITIONS = DEBUG;
				SWIFT_OPTIMIZATION_LEVEL = "-Onone";
			};
			name = Debug;
		};
		83B102B52AB28CB000721B6B /* Release */ = {
			isa = XCBuildConfiguration;
			buildSettings = {
				ALWAYS_SEARCH_USER_PATHS = NO;
				ASSETCATALOG_COMPILER_GENERATE_SWIFT_ASSET_SYMBOL_EXTENSIONS = YES;
				CLANG_ANALYZER_NONNULL = YES;
				CLANG_ANALYZER_NUMBER_OBJECT_CONVERSION = YES_AGGRESSIVE;
				CLANG_CXX_LANGUAGE_STANDARD = "gnu++20";
				CLANG_ENABLE_MODULES = YES;
				CLANG_ENABLE_OBJC_ARC = YES;
				CLANG_ENABLE_OBJC_WEAK = YES;
				CLANG_WARN_BLOCK_CAPTURE_AUTORELEASING = YES;
				CLANG_WARN_BOOL_CONVERSION = YES;
				CLANG_WARN_COMMA = YES;
				CLANG_WARN_CONSTANT_CONVERSION = YES;
				CLANG_WARN_DEPRECATED_OBJC_IMPLEMENTATIONS = YES;
				CLANG_WARN_DIRECT_OBJC_ISA_USAGE = YES_ERROR;
				CLANG_WARN_DOCUMENTATION_COMMENTS = YES;
				CLANG_WARN_EMPTY_BODY = YES;
				CLANG_WARN_ENUM_CONVERSION = YES;
				CLANG_WARN_INFINITE_RECURSION = YES;
				CLANG_WARN_INT_CONVERSION = YES;
				CLANG_WARN_NON_LITERAL_NULL_CONVERSION = YES;
				CLANG_WARN_OBJC_IMPLICIT_RETAIN_SELF = YES;
				CLANG_WARN_OBJC_LITERAL_CONVERSION = YES;
				CLANG_WARN_OBJC_ROOT_CLASS = YES_ERROR;
				CLANG_WARN_QUOTED_INCLUDE_IN_FRAMEWORK_HEADER = YES;
				CLANG_WARN_RANGE_LOOP_ANALYSIS = YES;
				CLANG_WARN_STRICT_PROTOTYPES = YES;
				CLANG_WARN_SUSPICIOUS_MOVE = YES;
				CLANG_WARN_UNGUARDED_AVAILABILITY = YES_AGGRESSIVE;
				CLANG_WARN_UNREACHABLE_CODE = YES;
				CLANG_WARN__DUPLICATE_METHOD_MATCH = YES;
				COPY_PHASE_STRIP = NO;
				DEAD_CODE_STRIPPING = YES;
				DEBUG_INFORMATION_FORMAT = "dwarf-with-dsym";
				ENABLE_NS_ASSERTIONS = NO;
				ENABLE_STRICT_OBJC_MSGSEND = YES;
				ENABLE_USER_SCRIPT_SANDBOXING = YES;
				GCC_C_LANGUAGE_STANDARD = gnu11;
				GCC_NO_COMMON_BLOCKS = YES;
				GCC_WARN_64_TO_32_BIT_CONVERSION = YES;
				GCC_WARN_ABOUT_RETURN_TYPE = YES_ERROR;
				GCC_WARN_UNDECLARED_SELECTOR = YES;
				GCC_WARN_UNINITIALIZED_AUTOS = YES_AGGRESSIVE;
				GCC_WARN_UNUSED_FUNCTION = YES;
				GCC_WARN_UNUSED_VARIABLE = YES;
				IPHONEOS_DEPLOYMENT_TARGET = 16.0;
				MTL_ENABLE_DEBUG_INFO = NO;
				MTL_FAST_MATH = YES;
				SWIFT_COMPILATION_MODE = wholemodule;
				SWIFT_OPTIMIZATION_LEVEL = "-O";
			};
			name = Release;
		};
		83B102B72AB28CB000721B6B /* Debug */ = {
			isa = XCBuildConfiguration;
			buildSettings = {
				ASSETCATALOG_COMPILER_APPICON_NAME = AppIcon;
				ASSETCATALOG_COMPILER_GLOBAL_ACCENT_COLOR_NAME = AccentColor;
				CODE_SIGN_ENTITLEMENTS = "STL BFW/STL_BFW.entitlements";
				CODE_SIGN_STYLE = Automatic;
				CURRENT_PROJECT_VERSION = 1;
				DEAD_CODE_STRIPPING = YES;
				DEVELOPMENT_ASSET_PATHS = "\"STL BFW/Preview Content\"";
				DEVELOPMENT_TEAM = Z2JH9FX775;
				ENABLE_HARDENED_RUNTIME = YES;
				ENABLE_PREVIEWS = YES;
				GENERATE_INFOPLIST_FILE = YES;
				INFOPLIST_KEY_LSApplicationCategoryType = "public.app-category.entertainment";
				"INFOPLIST_KEY_UIApplicationSceneManifest_Generation[sdk=iphoneos*]" = YES;
				"INFOPLIST_KEY_UIApplicationSceneManifest_Generation[sdk=iphonesimulator*]" = YES;
				"INFOPLIST_KEY_UIApplicationSupportsIndirectInputEvents[sdk=iphoneos*]" = YES;
				"INFOPLIST_KEY_UIApplicationSupportsIndirectInputEvents[sdk=iphonesimulator*]" = YES;
				"INFOPLIST_KEY_UILaunchScreen_Generation[sdk=iphoneos*]" = YES;
				"INFOPLIST_KEY_UILaunchScreen_Generation[sdk=iphonesimulator*]" = YES;
				"INFOPLIST_KEY_UIStatusBarStyle[sdk=iphoneos*]" = UIStatusBarStyleDefault;
				"INFOPLIST_KEY_UIStatusBarStyle[sdk=iphonesimulator*]" = UIStatusBarStyleDefault;
				INFOPLIST_KEY_UISupportedInterfaceOrientations_iPad = "UIInterfaceOrientationPortrait UIInterfaceOrientationPortraitUpsideDown UIInterfaceOrientationLandscapeLeft UIInterfaceOrientationLandscapeRight";
				INFOPLIST_KEY_UISupportedInterfaceOrientations_iPhone = "UIInterfaceOrientationPortrait UIInterfaceOrientationLandscapeLeft UIInterfaceOrientationLandscapeRight";
				IPHONEOS_DEPLOYMENT_TARGET = 15.0;
				LD_RUNPATH_SEARCH_PATHS = "@executable_path/Frameworks";
				"LD_RUNPATH_SEARCH_PATHS[sdk=macosx*]" = "@executable_path/../Frameworks";
				MACOSX_DEPLOYMENT_TARGET = 13.0;
				MARKETING_VERSION = 1.0;
				PRODUCT_BUNDLE_IDENTIFIER = com.doerhouse.STLBFW;
				PRODUCT_NAME = "$(TARGET_NAME)";
				SDKROOT = auto;
				SUPPORTED_PLATFORMS = "iphoneos iphonesimulator";
				SUPPORTS_MACCATALYST = NO;
				SUPPORTS_MAC_DESIGNED_FOR_IPHONE_IPAD = NO;
				SWIFT_EMIT_LOC_STRINGS = YES;
				SWIFT_VERSION = 5.0;
				TARGETED_DEVICE_FAMILY = "1,2";
			};
			name = Debug;
		};
		83B102B82AB28CB000721B6B /* Release */ = {
			isa = XCBuildConfiguration;
			buildSettings = {
				ASSETCATALOG_COMPILER_APPICON_NAME = AppIcon;
				ASSETCATALOG_COMPILER_GLOBAL_ACCENT_COLOR_NAME = AccentColor;
				CODE_SIGN_ENTITLEMENTS = "STL BFW/STL_BFW.entitlements";
				CODE_SIGN_STYLE = Automatic;
				CURRENT_PROJECT_VERSION = 1;
				DEAD_CODE_STRIPPING = YES;
				DEVELOPMENT_ASSET_PATHS = "\"STL BFW/Preview Content\"";
				DEVELOPMENT_TEAM = Z2JH9FX775;
				ENABLE_HARDENED_RUNTIME = YES;
				ENABLE_PREVIEWS = YES;
				GENERATE_INFOPLIST_FILE = YES;
				INFOPLIST_KEY_LSApplicationCategoryType = "public.app-category.entertainment";
				"INFOPLIST_KEY_UIApplicationSceneManifest_Generation[sdk=iphoneos*]" = YES;
				"INFOPLIST_KEY_UIApplicationSceneManifest_Generation[sdk=iphonesimulator*]" = YES;
				"INFOPLIST_KEY_UIApplicationSupportsIndirectInputEvents[sdk=iphoneos*]" = YES;
				"INFOPLIST_KEY_UIApplicationSupportsIndirectInputEvents[sdk=iphonesimulator*]" = YES;
				"INFOPLIST_KEY_UILaunchScreen_Generation[sdk=iphoneos*]" = YES;
				"INFOPLIST_KEY_UILaunchScreen_Generation[sdk=iphonesimulator*]" = YES;
				"INFOPLIST_KEY_UIStatusBarStyle[sdk=iphoneos*]" = UIStatusBarStyleDefault;
				"INFOPLIST_KEY_UIStatusBarStyle[sdk=iphonesimulator*]" = UIStatusBarStyleDefault;
				INFOPLIST_KEY_UISupportedInterfaceOrientations_iPad = "UIInterfaceOrientationPortrait UIInterfaceOrientationPortraitUpsideDown UIInterfaceOrientationLandscapeLeft UIInterfaceOrientationLandscapeRight";
				INFOPLIST_KEY_UISupportedInterfaceOrientations_iPhone = "UIInterfaceOrientationPortrait UIInterfaceOrientationLandscapeLeft UIInterfaceOrientationLandscapeRight";
				IPHONEOS_DEPLOYMENT_TARGET = 15.0;
				LD_RUNPATH_SEARCH_PATHS = "@executable_path/Frameworks";
				"LD_RUNPATH_SEARCH_PATHS[sdk=macosx*]" = "@executable_path/../Frameworks";
				MACOSX_DEPLOYMENT_TARGET = 13.0;
				MARKETING_VERSION = 1.0;
				PRODUCT_BUNDLE_IDENTIFIER = com.doerhouse.STLBFW;
				PRODUCT_NAME = "$(TARGET_NAME)";
				SDKROOT = auto;
				SUPPORTED_PLATFORMS = "iphoneos iphonesimulator";
				SUPPORTS_MACCATALYST = NO;
				SUPPORTS_MAC_DESIGNED_FOR_IPHONE_IPAD = NO;
				SWIFT_EMIT_LOC_STRINGS = YES;
				SWIFT_VERSION = 5.0;
				TARGETED_DEVICE_FAMILY = "1,2";
			};
			name = Release;
		};
		83B102BA2AB28CB000721B6B /* Debug */ = {
			isa = XCBuildConfiguration;
			buildSettings = {
				ALWAYS_EMBED_SWIFT_STANDARD_LIBRARIES = YES;
				BUNDLE_LOADER = "$(TEST_HOST)";
				CODE_SIGN_STYLE = Automatic;
				CURRENT_PROJECT_VERSION = 1;
				DEAD_CODE_STRIPPING = YES;
				DEVELOPMENT_TEAM = 2Q9AF7S2N4;
				GENERATE_INFOPLIST_FILE = YES;
				IPHONEOS_DEPLOYMENT_TARGET = 16.1;
				MACOSX_DEPLOYMENT_TARGET = 13.0;
				MARKETING_VERSION = 1.0;
				PRODUCT_BUNDLE_IDENTIFIER = "com.easttech.STL-BFW.STL-BFWTests";
				PRODUCT_NAME = "$(TARGET_NAME)";
				SDKROOT = auto;
				SUPPORTED_PLATFORMS = "iphoneos iphonesimulator macosx";
				SWIFT_EMIT_LOC_STRINGS = NO;
				SWIFT_VERSION = 5.0;
				TARGETED_DEVICE_FAMILY = "1,2";
				TEST_HOST = "$(BUILT_PRODUCTS_DIR)/STL BFW.app/$(BUNDLE_EXECUTABLE_FOLDER_PATH)/STL BFW";
			};
			name = Debug;
		};
		83B102BB2AB28CB000721B6B /* Release */ = {
			isa = XCBuildConfiguration;
			buildSettings = {
				ALWAYS_EMBED_SWIFT_STANDARD_LIBRARIES = YES;
				BUNDLE_LOADER = "$(TEST_HOST)";
				CODE_SIGN_STYLE = Automatic;
				CURRENT_PROJECT_VERSION = 1;
				DEAD_CODE_STRIPPING = YES;
				DEVELOPMENT_TEAM = 2Q9AF7S2N4;
				GENERATE_INFOPLIST_FILE = YES;
				IPHONEOS_DEPLOYMENT_TARGET = 16.1;
				MACOSX_DEPLOYMENT_TARGET = 13.0;
				MARKETING_VERSION = 1.0;
				PRODUCT_BUNDLE_IDENTIFIER = "com.easttech.STL-BFW.STL-BFWTests";
				PRODUCT_NAME = "$(TARGET_NAME)";
				SDKROOT = auto;
				SUPPORTED_PLATFORMS = "iphoneos iphonesimulator macosx";
				SWIFT_EMIT_LOC_STRINGS = NO;
				SWIFT_VERSION = 5.0;
				TARGETED_DEVICE_FAMILY = "1,2";
				TEST_HOST = "$(BUILT_PRODUCTS_DIR)/STL BFW.app/$(BUNDLE_EXECUTABLE_FOLDER_PATH)/STL BFW";
			};
			name = Release;
		};
		83B102BD2AB28CB000721B6B /* Debug */ = {
			isa = XCBuildConfiguration;
			buildSettings = {
				ALWAYS_EMBED_SWIFT_STANDARD_LIBRARIES = YES;
				CODE_SIGN_STYLE = Automatic;
				CURRENT_PROJECT_VERSION = 1;
				DEAD_CODE_STRIPPING = YES;
				DEVELOPMENT_TEAM = 2Q9AF7S2N4;
				GENERATE_INFOPLIST_FILE = YES;
				IPHONEOS_DEPLOYMENT_TARGET = 16.1;
				MACOSX_DEPLOYMENT_TARGET = 13.0;
				MARKETING_VERSION = 1.0;
				PRODUCT_BUNDLE_IDENTIFIER = "com.easttech.STL-BFW.STL-BFWUITests";
				PRODUCT_NAME = "$(TARGET_NAME)";
				SDKROOT = auto;
				SUPPORTED_PLATFORMS = "iphoneos iphonesimulator macosx";
				SWIFT_EMIT_LOC_STRINGS = NO;
				SWIFT_VERSION = 5.0;
				TARGETED_DEVICE_FAMILY = "1,2";
				TEST_TARGET_NAME = "STL BFW";
			};
			name = Debug;
		};
		83B102BE2AB28CB000721B6B /* Release */ = {
			isa = XCBuildConfiguration;
			buildSettings = {
				ALWAYS_EMBED_SWIFT_STANDARD_LIBRARIES = YES;
				CODE_SIGN_STYLE = Automatic;
				CURRENT_PROJECT_VERSION = 1;
				DEAD_CODE_STRIPPING = YES;
				DEVELOPMENT_TEAM = 2Q9AF7S2N4;
				GENERATE_INFOPLIST_FILE = YES;
				IPHONEOS_DEPLOYMENT_TARGET = 16.1;
				MACOSX_DEPLOYMENT_TARGET = 13.0;
				MARKETING_VERSION = 1.0;
				PRODUCT_BUNDLE_IDENTIFIER = "com.easttech.STL-BFW.STL-BFWUITests";
				PRODUCT_NAME = "$(TARGET_NAME)";
				SDKROOT = auto;
				SUPPORTED_PLATFORMS = "iphoneos iphonesimulator macosx";
				SWIFT_EMIT_LOC_STRINGS = NO;
				SWIFT_VERSION = 5.0;
				TARGETED_DEVICE_FAMILY = "1,2";
				TEST_TARGET_NAME = "STL BFW";
			};
			name = Release;
		};
/* End XCBuildConfiguration section */

/* Begin XCConfigurationList section */
		83B1028C2AB28CAE00721B6B /* Build configuration list for PBXProject "STL BFW" */ = {
			isa = XCConfigurationList;
			buildConfigurations = (
				83B102B42AB28CB000721B6B /* Debug */,
				83B102B52AB28CB000721B6B /* Release */,
			);
			defaultConfigurationIsVisible = 0;
			defaultConfigurationName = Release;
		};
		83B102B62AB28CB000721B6B /* Build configuration list for PBXNativeTarget "STL BFW" */ = {
			isa = XCConfigurationList;
			buildConfigurations = (
				83B102B72AB28CB000721B6B /* Debug */,
				83B102B82AB28CB000721B6B /* Release */,
			);
			defaultConfigurationIsVisible = 0;
			defaultConfigurationName = Release;
		};
		83B102B92AB28CB000721B6B /* Build configuration list for PBXNativeTarget "STL BFWTests" */ = {
			isa = XCConfigurationList;
			buildConfigurations = (
				83B102BA2AB28CB000721B6B /* Debug */,
				83B102BB2AB28CB000721B6B /* Release */,
			);
			defaultConfigurationIsVisible = 0;
			defaultConfigurationName = Release;
		};
		83B102BC2AB28CB000721B6B /* Build configuration list for PBXNativeTarget "STL BFWUITests" */ = {
			isa = XCConfigurationList;
			buildConfigurations = (
				83B102BD2AB28CB000721B6B /* Debug */,
				83B102BE2AB28CB000721B6B /* Release */,
			);
			defaultConfigurationIsVisible = 0;
			defaultConfigurationName = Release;
		};
/* End XCConfigurationList section */
	};
	rootObject = 83B102892AB28CAE00721B6B /* Project object */;
}
